<?xml version="1.0" encoding="UTF-8"?>
<Scheme
   LastUpgradeVersion = "0630"
   version = "1.3">
   <BuildAction
      parallelizeBuildables = "YES"
      buildImplicitDependencies = "YES">
      <BuildActionEntries>
         <BuildActionEntry
            buildForTesting = "YES"
            buildForRunning = "YES"
            buildForProfiling = "YES"
            buildForArchiving = "YES"
            buildForAnalyzing = "YES">
            <BuildableReference
               BuildableIdentifier = "primary"
               BlueprintIdentifier = "F5D44D5D19F83F6F0011B334"
               BuildableName = "Diabetes.app"
               BlueprintName = "Diabetes"
               ReferencedContainer = "container:Diabetes.xcodeproj">
            </BuildableReference>
         </BuildActionEntry>
         <BuildActionEntry
            buildForTesting = "YES"
            buildForRunning = "YES"
            buildForProfiling = "NO"
            buildForArchiving = "NO"
            buildForAnalyzing = "YES">
            <BuildableReference
               BuildableIdentifier = "primary"
               BlueprintIdentifier = "F5D44D7619F83F6F0011B334"
               BuildableName = "DiabetesTests.xctest"
               BlueprintName = "DiabetesTests"
               ReferencedContainer = "container:Diabetes.xcodeproj">
            </BuildableReference>
         </BuildActionEntry>
      </BuildActionEntries>
   </BuildAction>
   <TestAction
      selectedDebuggerIdentifier = "Xcode.DebuggerFoundation.Debugger.LLDB"
      selectedLauncherIdentifier = "Xcode.DebuggerFoundation.Launcher.LLDB"
      shouldUseLaunchSchemeArgsEnv = "YES"
      buildConfiguration = "Debug">
      <Testables>
         <TestableReference
            skipped = "NO">
            <BuildableReference
               BuildableIdentifier = "primary"
               BlueprintIdentifier = "F5D44D7619F83F6F0011B334"
               BuildableName = "DiabetesTests.xctest"
               BlueprintName = "DiabetesTests"
               ReferencedContainer = "container:Diabetes.xcodeproj">
            </BuildableReference>
         </TestableReference>
      </Testables>
      <MacroExpansion>
         <BuildableReference
            BuildableIdentifier = "primary"
            BlueprintIdentifier = "085F3F891AAF6E8B003A910A"
            BuildableName = "Diabetes_YML.app"
            BlueprintName = "Diabetes - YML"
            ReferencedContainer = "container:Diabetes.xcodeproj">
         </BuildableReference>
      </MacroExpansion>
   </TestAction>
   <LaunchAction
      selectedDebuggerIdentifier = "Xcode.DebuggerFoundation.Debugger.LLDB"
      selectedLauncherIdentifier = "Xcode.DebuggerFoundation.Launcher.LLDB"
      launchStyle = "0"
      useCustomWorkingDirectory = "NO"
      buildConfiguration = "DebugAndSendToDataVerificationServer"
      ignoresPersistentStateOnLaunch = "NO"
      debugDocumentVersioning = "YES"
      allowLocationSimulation = "YES">
      <BuildableProductRunnable
         runnableDebuggingMode = "0">
         <BuildableReference
            BuildableIdentifier = "primary"
            BlueprintIdentifier = "085F3F891AAF6E8B003A910A"
            BuildableName = "Diabetes_YML.app"
            BlueprintName = "Diabetes - YML"
            ReferencedContainer = "container:Diabetes.xcodeproj">
         </BuildableReference>
      </BuildableProductRunnable>
      <EnvironmentVariables>
         <EnvironmentVariable
            key = "Notes:"
            value = "Use the item below to specify a custom"
            isEnabled = "NO">
         </EnvironmentVariable>
         <EnvironmentVariable
            key = "   (notes, continued)"
            value = "IP address for the DataVerificationServer."
            isEnabled = "NO">
         </EnvironmentVariable>
         <EnvironmentVariable
            key = "   (notes, continued)"
            value = "Otherwise, we&apos;ll just use your laptop&apos;s IP address."
            isEnabled = "NO">
         </EnvironmentVariable>
         <EnvironmentVariable
            key = "DATA_VERIFICATION_SERVER_IP_ADDRESS"
            value = ""
            isEnabled = "YES">
         </EnvironmentVariable>
      </EnvironmentVariables>
      <AdditionalOptions>
      </AdditionalOptions>
   </LaunchAction>
   <ProfileAction
      shouldUseLaunchSchemeArgsEnv = "YES"
      savedToolIdentifier = ""
      useCustomWorkingDirectory = "NO"
      buildConfiguration = "Release"
      debugDocumentVersioning = "YES">
      <BuildableProductRunnable
         runnableDebuggingMode = "0">
         <BuildableReference
            BuildableIdentifier = "primary"
            BlueprintIdentifier = "F5D44D5D19F83F6F0011B334"
            BuildableName = "Diabetes.app"
            BlueprintName = "Diabetes"
            ReferencedContainer = "container:Diabetes.xcodeproj">
         </BuildableReference>
      </BuildableProductRunnable>
   </ProfileAction>
   <AnalyzeAction
      buildConfiguration = "Debug">
   </AnalyzeAction>
   <ArchiveAction
      buildConfiguration = "Release"
      revealArchiveInOrganizer = "YES">
   </ArchiveAction>
</Scheme>
